
Microsoft Visual Studio Solution File, Format Version 12.00
# Visual Studio 15
VisualStudioVersion = 15.0.28307.1585
MinimumVisualStudioVersion = 10.0.40219.1
Project("{FAE04EC0-301F-11D3-BF4B-00C04F79EFBC}") = "ProyectoPorCapa", "ProyectoPorCapa\ProyectoPorCapa.csproj", "{161CF112-E880-4F72-963E-840826793BE0}"
EndProject
Project("{FAE04EC0-301F-11D3-BF4B-00C04F79EFBC}") = "DAL", "DAL\DAL.csproj", "{FECA5CDE-4EA9-467D-A5D7-8026F5913A31}"
EndProject
Project("{FAE04EC0-301F-11D3-BF4B-00C04F79EFBC}") = "BAL", "BAL\BAL.csproj", "{634ED103-9E78-4D21-A37A-DE51A7D7B030}"
EndProject
Global
	GlobalSection(SolutionConfigurationPlatforms) = preSolution
		Debug|Any CPU = Debug|Any CPU
		Release|Any CPU = Release|Any CPU
	EndGlobalSection
	GlobalSection(ProjectConfigurationPlatforms) = postSolution
		{161CF112-E880-4F72-963E-840826793BE0}.Debug|Any CPU.ActiveCfg = Debug|Any CPU
		{161CF112-E880-4F72-963E-840826793BE0}.Debug|Any CPU.Build.0 = Debug|Any CPU
		{161CF112-E880-4F72-963E-840826793BE0}.Release|Any CPU.ActiveCfg = Release|Any CPU
		{161CF112-E880-4F72-963E-840826793BE0}.Release|Any CPU.Build.0 = Release|Any CPU
		{FECA5CDE-4EA9-467D-A5D7-8026F5913A31}.Debug|Any CPU.ActiveCfg = Debug|Any CPU
		{FECA5CDE-4EA9-467D-A5D7-8026F5913A31}.Debug|Any CPU.Build.0 = Debug|Any CPU
		{FECA5CDE-4EA9-467D-A5D7-8026F5913A31}.Release|Any CPU.ActiveCfg = Release|Any CPU
		{FECA5CDE-4EA9-467D-A5D7-8026F5913A31}.Release|Any CPU.Build.0 = Release|Any CPU
		{634ED103-9E78-4D21-A37A-DE51A7D7B030}.Debug|Any CPU.ActiveCfg = Debug|Any CPU
		{634ED103-9E78-4D21-A37A-DE51A7D7B030}.Debug|Any CPU.Build.0 = Debug|Any CPU
		{634ED103-9E78-4D21-A37A-DE51A7D7B030}.Release|Any CPU.ActiveCfg = Release|Any CPU
		{634ED103-9E78-4D21-A37A-DE51A7D7B030}.Release|Any CPU.Build.0 = Release|Any CPU
	EndGlobalSection
	GlobalSection(SolutionProperties) = preSolution
		HideSolutionNode = FALSE
	EndGlobalSection
	GlobalSection(ExtensibilityGlobals) = postSolution
		SolutionGuid = {6DB39CA5-3788-4243-9453-99B6C3A3CEAD}
	EndGlobalSection
EndGlobal
